# THIS IS AN AUTOGENERATED FILE. DO NOT EDIT THIS FILE DIRECTLY.
# yarn lockfile v1


"@rottencandy/esbuild-plugin-glslx@^0.0.3":
  version "0.0.3"
  resolved "https://registry.yarnpkg.com/@rottencandy/esbuild-plugin-glslx/-/esbuild-plugin-glslx-0.0.3.tgz#5195ec610d1db5e6c3e2ec7932b885c62376edb9"
  integrity sha512-7Em89QooYmkO2Wuc0rpZ9fA9OnnFKd8RhxwfPn/5BXXSjXGiH4KWUJXYKc72bHVzOz+T7THJQSP7kSVWvvaOBA==
  dependencies:
    glslx "0.2.13"

esbuild@^0.12.19:
  version "0.12.19"
  resolved "https://registry.yarnpkg.com/esbuild/-/esbuild-0.12.19.tgz#ab849766705a5093df5acd8ec2f6ba2159a38a6c"
  integrity sha512-5NuT1G6THW7l3fsSCDkcPepn24R0XtyPjKoqKHD8LfhqMXzCdz0mrS9HgO6hIhzVT7zt0T+JGbzCqF5AH8hS9w==

glslx@0.2.13:
  version "0.2.13"
  resolved "https://registry.yarnpkg.com/glslx/-/glslx-0.2.13.tgz#9ecd348b1b072a6f990217409d001742ac3f0200"
  integrity sha512-AjvDqcG3JGHFphnDpPraIiIVuNigblOGofr8EZFGlHUbpCuPzS43H3oqgd3m8h0+8a4Wf59fG5AMC1XirJjXfg==

uglify-js@^3.14.1:
  version "3.14.1"
  resolved "https://registry.yarnpkg.com/uglify-js/-/uglify-js-3.14.1.tgz#e2cb9fe34db9cb4cf7e35d1d26dfea28e09a7d06"
  integrity sha512-JhS3hmcVaXlp/xSo3PKY5R0JqKs5M3IV+exdLHW99qKvKivPO4Z8qbej6mte17SOPqAOVMjt/XGgWacnFSzM3g==
